
Microsoft Visual Studio Solution File, Format Version 12.00
# Visual Studio 2013
VisualStudioVersion = 12.0.21005.1
MinimumVisualStudioVersion = 10.0.40219.1
Project("{FAE04EC0-301F-11D3-BF4B-00C04F79EFBC}") = "Projet_Intégration", "Projet_Intégration\Projet_Intégration\Projet_Intégration.csproj", "{340F5FFA-7DEC-4CF5-A2B1-585AA84618F1}"
EndProject
Project("{FAE04EC0-301F-11D3-BF4B-00C04F79EFBC}") = "Projet_IntégrationContent", "Projet_Intégration\Projet_IntégrationContent\Projet_IntégrationContent.contentproj", "{DF341C98-77B7-48D3-89A2-2262B0587BCE}"
EndProject
Global
	GlobalSection(SolutionConfigurationPlatforms) = preSolution
		Debug|x86 = Debug|x86
		Release|x86 = Release|x86
	EndGlobalSection
	GlobalSection(ProjectConfigurationPlatforms) = postSolution
		{340F5FFA-7DEC-4CF5-A2B1-585AA84618F1}.Debug|x86.ActiveCfg = Debug|x86
		{340F5FFA-7DEC-4CF5-A2B1-585AA84618F1}.Debug|x86.Build.0 = Debug|x86
		{340F5FFA-7DEC-4CF5-A2B1-585AA84618F1}.Release|x86.ActiveCfg = Release|x86
		{340F5FFA-7DEC-4CF5-A2B1-585AA84618F1}.Release|x86.Build.0 = Release|x86
		{DF341C98-77B7-48D3-89A2-2262B0587BCE}.Debug|x86.ActiveCfg = Debug|x86
		{DF341C98-77B7-48D3-89A2-2262B0587BCE}.Release|x86.ActiveCfg = Release|x86
	EndGlobalSection
	GlobalSection(SolutionProperties) = preSolution
		HideSolutionNode = FALSE
	EndGlobalSection
EndGlobal
